
Microsoft Visual Studio Solution File, Format Version 12.00
# Visual Studio Version 17
VisualStudioVersion = 17.4.33122.133
MinimumVisualStudioVersion = 10.0.40219.1
Project("{FAE04EC0-301F-11D3-BF4B-00C04F79EFBC}") = "Ejercicio 18", "Ejercicio 18.csproj", "{1CC72A2F-6CCF-4839-A814-F9A04A00BAD0}"
EndProject
Global
	GlobalSection(SolutionConfigurationPlatforms) = preSolution
		Debug|Any CPU = Debug|Any CPU
		Release|Any CPU = Release|Any CPU
	EndGlobalSection
	GlobalSection(ProjectConfigurationPlatforms) = postSolution
		{1CC72A2F-6CCF-4839-A814-F9A04A00BAD0}.Debug|Any CPU.ActiveCfg = Debug|Any CPU
		{1CC72A2F-6CCF-4839-A814-F9A04A00BAD0}.Debug|Any CPU.Build.0 = Debug|Any CPU
		{1CC72A2F-6CCF-4839-A814-F9A04A00BAD0}.Release|Any CPU.ActiveCfg = Release|Any CPU
		{1CC72A2F-6CCF-4839-A814-F9A04A00BAD0}.Release|Any CPU.Build.0 = Release|Any CPU
	EndGlobalSection
	GlobalSection(SolutionProperties) = preSolution
		HideSolutionNode = FALSE
	EndGlobalSection
	GlobalSection(ExtensibilityGlobals) = postSolution
		SolutionGuid = {2A7E232A-388A-4E7D-8F7D-33F14F7B0008}
	EndGlobalSection
EndGlobal
