
Microsoft Visual Studio Solution File, Format Version 12.00
# Visual Studio Version 17
VisualStudioVersion = 17.4.33122.133
MinimumVisualStudioVersion = 10.0.40219.1
Project("{FAE04EC0-301F-11D3-BF4B-00C04F79EFBC}") = "Ejercicio 13", "Ejercicio 13.csproj", "{6C25D1B2-0AFD-41E4-BC2D-D4D693C76D4C}"
EndProject
Global
	GlobalSection(SolutionConfigurationPlatforms) = preSolution
		Debug|Any CPU = Debug|Any CPU
		Release|Any CPU = Release|Any CPU
	EndGlobalSection
	GlobalSection(ProjectConfigurationPlatforms) = postSolution
		{6C25D1B2-0AFD-41E4-BC2D-D4D693C76D4C}.Debug|Any CPU.ActiveCfg = Debug|Any CPU
		{6C25D1B2-0AFD-41E4-BC2D-D4D693C76D4C}.Debug|Any CPU.Build.0 = Debug|Any CPU
		{6C25D1B2-0AFD-41E4-BC2D-D4D693C76D4C}.Release|Any CPU.ActiveCfg = Release|Any CPU
		{6C25D1B2-0AFD-41E4-BC2D-D4D693C76D4C}.Release|Any CPU.Build.0 = Release|Any CPU
	EndGlobalSection
	GlobalSection(SolutionProperties) = preSolution
		HideSolutionNode = FALSE
	EndGlobalSection
	GlobalSection(ExtensibilityGlobals) = postSolution
		SolutionGuid = {69BEAE01-CC9D-4D5C-877C-861342C5C1DB}
	EndGlobalSection
EndGlobal
